
Microsoft Visual Studio Solution File, Format Version 12.00
# Visual Studio Version 17
VisualStudioVersion = 17.14.37216.2 d17.14
MinimumVisualStudioVersion = 10.0.40219.1
Project("{FAE04EC0-301F-11D3-BF4B-00C04F79EFBC}") = "ViDrive.Wpf", "ViDrive.Wpf\ViDrive.Wpf.csproj", "{B4762A0F-B05C-4C04-ABCF-B065C17692EA}"
EndProject
Global
	GlobalSection(SolutionConfigurationPlatforms) = preSolution
		Debug|Any CPU = Debug|Any CPU
		Release|Any CPU = Release|Any CPU
	EndGlobalSection
	GlobalSection(ProjectConfigurationPlatforms) = postSolution
		{B4762A0F-B05C-4C04-ABCF-B065C17692EA}.Debug|Any CPU.ActiveCfg = Debug|Any CPU
		{B4762A0F-B05C-4C04-ABCF-B065C17692EA}.Debug|Any CPU.Build.0 = Debug|Any CPU
		{B4762A0F-B05C-4C04-ABCF-B065C17692EA}.Release|Any CPU.ActiveCfg = Release|Any CPU
		{B4762A0F-B05C-4C04-ABCF-B065C17692EA}.Release|Any CPU.Build.0 = Release|Any CPU
	EndGlobalSection
	GlobalSection(SolutionProperties) = preSolution
		HideSolutionNode = FALSE
	EndGlobalSection
	GlobalSection(ExtensibilityGlobals) = postSolution
		SolutionGuid = {895E4BD6-5512-44CA-BC51-AD5864637FC8}
	EndGlobalSection
EndGlobal
